
Microsoft Visual Studio Solution File, Format Version 12.00
# Visual Studio Version 17
VisualStudioVersion = 17.12.35527.113
MinimumVisualStudioVersion = 10.0.40219.1
Project("{FAE04EC0-301F-11D3-BF4B-00C04F79EFBC}") = "Orders.Core", "src\Orders.Core\Orders.Core.csproj", "{8FC884C4-853A-49DD-A896-3A480AC2DCBF}"
EndProject
Project("{FAE04EC0-301F-11D3-BF4B-00C04F79EFBC}") = "Orders.Infrastructure", "src\Orders.Infrastructure\Orders.Infrastructure.csproj", "{7D0B3CA8-16E7-4D13-AC27-63BEF1E45DC6}"
EndProject
Project("{FAE04EC0-301F-11D3-BF4B-00C04F79EFBC}") = "Orders.Application", "src\Orders.Application\Orders.Application.csproj", "{32C5CEFE-6749-4B1A-87BE-16EBF2C0E87B}"
EndProject
Project("{2150E333-8FDC-42A3-9474-1A3956D46DE8}") = "src", "src", "{68AA5C3A-E820-4A52-AB70-496604147C3E}"
EndProject
Project("{2150E333-8FDC-42A3-9474-1A3956D46DE8}") = "services", "services", "{748006AA-9E8D-4909-BBB1-389A9A497B7B}"
EndProject
Project("{FAE04EC0-301F-11D3-BF4B-00C04F79EFBC}") = "Orders.API", "src\Orders.API\Orders.API.csproj", "{2F9DBEBB-9C8A-4533-8CA2-FDB98F0C9F98}"
EndProject
Project("{2150E333-8FDC-42A3-9474-1A3956D46DE8}") = "shared", "shared", "{B6C0CCD9-2FFE-4494-A60A-E762E7130763}"
EndProject
Project("{FAE04EC0-301F-11D3-BF4B-00C04F79EFBC}") = "SharedLib.MessageBus", "..\SharedLib\src\SharedLib.MessageBus\SharedLib.MessageBus.csproj", "{7CA05913-EE98-4D12-B7E2-1FACC5847A7E}"
EndProject
Project("{2150E333-8FDC-42A3-9474-1A3956D46DE8}") = "tests", "tests", "{66A4532A-160C-40D1-9F79-7F045637B56F}"
EndProject
Project("{FAE04EC0-301F-11D3-BF4B-00C04F79EFBC}") = "Orders.UnitTests", "tests\Orders.UnitTests\Orders.UnitTests.csproj", "{956EAF29-C8C7-4CDF-820E-7A71CCB26979}"
EndProject
Project("{FAE04EC0-301F-11D3-BF4B-00C04F79EFBC}") = "EA.IntegrationEvents", "..\EA-IntegrationEvents\EA.IntegrationEvents\EA.IntegrationEvents.csproj", "{3D27B60B-B4F3-4E96-9CA1-429D01A96408}"
EndProject
Global
	GlobalSection(SolutionConfigurationPlatforms) = preSolution
		Debug|Any CPU = Debug|Any CPU
		Release|Any CPU = Release|Any CPU
	EndGlobalSection
	GlobalSection(ProjectConfigurationPlatforms) = postSolution
		{8FC884C4-853A-49DD-A896-3A480AC2DCBF}.Debug|Any CPU.ActiveCfg = Debug|Any CPU
		{8FC884C4-853A-49DD-A896-3A480AC2DCBF}.Debug|Any CPU.Build.0 = Debug|Any CPU
		{8FC884C4-853A-49DD-A896-3A480AC2DCBF}.Release|Any CPU.ActiveCfg = Release|Any CPU
		{8FC884C4-853A-49DD-A896-3A480AC2DCBF}.Release|Any CPU.Build.0 = Release|Any CPU
		{7D0B3CA8-16E7-4D13-AC27-63BEF1E45DC6}.Debug|Any CPU.ActiveCfg = Debug|Any CPU
		{7D0B3CA8-16E7-4D13-AC27-63BEF1E45DC6}.Debug|Any CPU.Build.0 = Debug|Any CPU
		{7D0B3CA8-16E7-4D13-AC27-63BEF1E45DC6}.Release|Any CPU.ActiveCfg = Release|Any CPU
		{7D0B3CA8-16E7-4D13-AC27-63BEF1E45DC6}.Release|Any CPU.Build.0 = Release|Any CPU
		{32C5CEFE-6749-4B1A-87BE-16EBF2C0E87B}.Debug|Any CPU.ActiveCfg = Debug|Any CPU
		{32C5CEFE-6749-4B1A-87BE-16EBF2C0E87B}.Debug|Any CPU.Build.0 = Debug|Any CPU
		{32C5CEFE-6749-4B1A-87BE-16EBF2C0E87B}.Release|Any CPU.ActiveCfg = Release|Any CPU
		{32C5CEFE-6749-4B1A-87BE-16EBF2C0E87B}.Release|Any CPU.Build.0 = Release|Any CPU
		{2F9DBEBB-9C8A-4533-8CA2-FDB98F0C9F98}.Debug|Any CPU.ActiveCfg = Debug|Any CPU
		{2F9DBEBB-9C8A-4533-8CA2-FDB98F0C9F98}.Debug|Any CPU.Build.0 = Debug|Any CPU
		{2F9DBEBB-9C8A-4533-8CA2-FDB98F0C9F98}.Release|Any CPU.ActiveCfg = Release|Any CPU
		{2F9DBEBB-9C8A-4533-8CA2-FDB98F0C9F98}.Release|Any CPU.Build.0 = Release|Any CPU
		{7CA05913-EE98-4D12-B7E2-1FACC5847A7E}.Debug|Any CPU.ActiveCfg = Debug|Any CPU
		{7CA05913-EE98-4D12-B7E2-1FACC5847A7E}.Debug|Any CPU.Build.0 = Debug|Any CPU
		{7CA05913-EE98-4D12-B7E2-1FACC5847A7E}.Release|Any CPU.ActiveCfg = Release|Any CPU
		{7CA05913-EE98-4D12-B7E2-1FACC5847A7E}.Release|Any CPU.Build.0 = Release|Any CPU
		{956EAF29-C8C7-4CDF-820E-7A71CCB26979}.Debug|Any CPU.ActiveCfg = Debug|Any CPU
		{956EAF29-C8C7-4CDF-820E-7A71CCB26979}.Debug|Any CPU.Build.0 = Debug|Any CPU
		{956EAF29-C8C7-4CDF-820E-7A71CCB26979}.Release|Any CPU.ActiveCfg = Release|Any CPU
		{956EAF29-C8C7-4CDF-820E-7A71CCB26979}.Release|Any CPU.Build.0 = Release|Any CPU
		{3D27B60B-B4F3-4E96-9CA1-429D01A96408}.Debug|Any CPU.ActiveCfg = Debug|Any CPU
		{3D27B60B-B4F3-4E96-9CA1-429D01A96408}.Debug|Any CPU.Build.0 = Debug|Any CPU
		{3D27B60B-B4F3-4E96-9CA1-429D01A96408}.Release|Any CPU.ActiveCfg = Release|Any CPU
		{3D27B60B-B4F3-4E96-9CA1-429D01A96408}.Release|Any CPU.Build.0 = Release|Any CPU
	EndGlobalSection
	GlobalSection(SolutionProperties) = preSolution
		HideSolutionNode = FALSE
	EndGlobalSection
	GlobalSection(NestedProjects) = preSolution
		{8FC884C4-853A-49DD-A896-3A480AC2DCBF} = {748006AA-9E8D-4909-BBB1-389A9A497B7B}
		{7D0B3CA8-16E7-4D13-AC27-63BEF1E45DC6} = {748006AA-9E8D-4909-BBB1-389A9A497B7B}
		{32C5CEFE-6749-4B1A-87BE-16EBF2C0E87B} = {748006AA-9E8D-4909-BBB1-389A9A497B7B}
		{748006AA-9E8D-4909-BBB1-389A9A497B7B} = {68AA5C3A-E820-4A52-AB70-496604147C3E}
		{2F9DBEBB-9C8A-4533-8CA2-FDB98F0C9F98} = {748006AA-9E8D-4909-BBB1-389A9A497B7B}
		{B6C0CCD9-2FFE-4494-A60A-E762E7130763} = {68AA5C3A-E820-4A52-AB70-496604147C3E}
		{7CA05913-EE98-4D12-B7E2-1FACC5847A7E} = {B6C0CCD9-2FFE-4494-A60A-E762E7130763}
		{66A4532A-160C-40D1-9F79-7F045637B56F} = {68AA5C3A-E820-4A52-AB70-496604147C3E}
		{956EAF29-C8C7-4CDF-820E-7A71CCB26979} = {66A4532A-160C-40D1-9F79-7F045637B56F}
		{3D27B60B-B4F3-4E96-9CA1-429D01A96408} = {B6C0CCD9-2FFE-4494-A60A-E762E7130763}
	EndGlobalSection
EndGlobal
